
Microsoft Visual Studio Solution File, Format Version 12.00
# Visual Studio Version 16
VisualStudioVersion = 16.0.808.3
MinimumVisualStudioVersion = 10.0.40219.1
Project("{2150E333-8FDC-42A3-9474-1A3956D46DE8}") = "src", "src", "{A5A9C1DA-88AA-483C-A72C-42E47A3BD6BF}"
EndProject
Project("{2150E333-8FDC-42A3-9474-1A3956D46DE8}") = "tests", "tests", "{90601DF1-F011-4BB5-B685-578082E58303}"
EndProject
Project("{2150E333-8FDC-42A3-9474-1A3956D46DE8}") = "Solution Items", "Solution Items", "{E9737848-50A3-45C8-93D3-8DB5E7923A2C}"
	ProjectSection(SolutionItems) = preProject
		.editorconfig = .editorconfig
	EndProjectSection
EndProject
Project("{FAE04EC0-301F-11D3-BF4B-00C04F79EFBC}") = "ObjectToTest.UnitTests", "tests\ObjectToTest.UnitTests\ObjectToTest.UnitTests.csproj", "{21ED8CF7-20F9-4882-B4CC-859EF2D25E6B}"
EndProject
Project("{FAE04EC0-301F-11D3-BF4B-00C04F79EFBC}") = "ObjectToTest", "src\ObjectToTest.csproj", "{689BAF62-B141-495F-B7A6-31C8F572023F}"
EndProject
Global
	GlobalSection(SolutionConfigurationPlatforms) = preSolution
		Debug|Any CPU = Debug|Any CPU
		Mock|Any CPU = Mock|Any CPU
		Release|Any CPU = Release|Any CPU
	EndGlobalSection
	GlobalSection(ProjectConfigurationPlatforms) = postSolution
		{21ED8CF7-20F9-4882-B4CC-859EF2D25E6B}.Debug|Any CPU.ActiveCfg = Debug|Any CPU
		{21ED8CF7-20F9-4882-B4CC-859EF2D25E6B}.Debug|Any CPU.Build.0 = Debug|Any CPU
		{21ED8CF7-20F9-4882-B4CC-859EF2D25E6B}.Mock|Any CPU.ActiveCfg = Mock|Any CPU
		{21ED8CF7-20F9-4882-B4CC-859EF2D25E6B}.Mock|Any CPU.Build.0 = Mock|Any CPU
		{21ED8CF7-20F9-4882-B4CC-859EF2D25E6B}.Release|Any CPU.ActiveCfg = Release|Any CPU
		{21ED8CF7-20F9-4882-B4CC-859EF2D25E6B}.Release|Any CPU.Build.0 = Release|Any CPU
		{689BAF62-B141-495F-B7A6-31C8F572023F}.Debug|Any CPU.ActiveCfg = Debug|Any CPU
		{689BAF62-B141-495F-B7A6-31C8F572023F}.Debug|Any CPU.Build.0 = Debug|Any CPU
		{689BAF62-B141-495F-B7A6-31C8F572023F}.Mock|Any CPU.ActiveCfg = Release|Any CPU
		{689BAF62-B141-495F-B7A6-31C8F572023F}.Mock|Any CPU.Build.0 = Release|Any CPU
		{689BAF62-B141-495F-B7A6-31C8F572023F}.Release|Any CPU.ActiveCfg = Release|Any CPU
		{689BAF62-B141-495F-B7A6-31C8F572023F}.Release|Any CPU.Build.0 = Release|Any CPU
	EndGlobalSection
	GlobalSection(SolutionProperties) = preSolution
		HideSolutionNode = FALSE
	EndGlobalSection
	GlobalSection(NestedProjects) = preSolution
		{21ED8CF7-20F9-4882-B4CC-859EF2D25E6B} = {90601DF1-F011-4BB5-B685-578082E58303}
		{689BAF62-B141-495F-B7A6-31C8F572023F} = {A5A9C1DA-88AA-483C-A72C-42E47A3BD6BF}
	EndGlobalSection
	GlobalSection(ExtensibilityGlobals) = postSolution
		SolutionGuid = {8DCF2BD2-71C6-4DFA-B016-5997BB74FB89}
	EndGlobalSection
EndGlobal
